
Microsoft Visual Studio Solution File, Format Version 12.00
# Visual Studio Version 16
VisualStudioVersion = 16.0.30406.217
MinimumVisualStudioVersion = 10.0.40219.1
Project("{FAE04EC0-301F-11D3-BF4B-00C04F79EFBC}") = "LastOne", "LastOne\LastOne.csproj", "{04780234-5A20-49D7-A784-303486BC3F60}"
EndProject
Global
	GlobalSection(SolutionConfigurationPlatforms) = preSolution
		Debug|Any CPU = Debug|Any CPU
		Release|Any CPU = Release|Any CPU
	EndGlobalSection
	GlobalSection(ProjectConfigurationPlatforms) = postSolution
		{04780234-5A20-49D7-A784-303486BC3F60}.Debug|Any CPU.ActiveCfg = Debug|Any CPU
		{04780234-5A20-49D7-A784-303486BC3F60}.Debug|Any CPU.Build.0 = Debug|Any CPU
		{04780234-5A20-49D7-A784-303486BC3F60}.Release|Any CPU.ActiveCfg = Release|Any CPU
		{04780234-5A20-49D7-A784-303486BC3F60}.Release|Any CPU.Build.0 = Release|Any CPU
	EndGlobalSection
	GlobalSection(SolutionProperties) = preSolution
		HideSolutionNode = FALSE
	EndGlobalSection
	GlobalSection(ExtensibilityGlobals) = postSolution
		SolutionGuid = {91A77967-C067-4399-A9A4-1888EBF39A3B}
	EndGlobalSection
EndGlobal
